
Microsoft Visual Studio Solution File, Format Version 12.00
# Visual Studio Version 16
VisualStudioVersion = 16.0.31005.135
MinimumVisualStudioVersion = 10.0.40219.1
Project("{FAE04EC0-301F-11D3-BF4B-00C04F79EFBC}") = "Xadrez Console", "Xadrez Console\Xadrez Console.csproj", "{BD197DCD-7426-4A8C-BB09-B4EA474D2154}"
EndProject
Global
	GlobalSection(SolutionConfigurationPlatforms) = preSolution
		Debug|Any CPU = Debug|Any CPU
		Release|Any CPU = Release|Any CPU
	EndGlobalSection
	GlobalSection(ProjectConfigurationPlatforms) = postSolution
		{BD197DCD-7426-4A8C-BB09-B4EA474D2154}.Debug|Any CPU.ActiveCfg = Debug|Any CPU
		{BD197DCD-7426-4A8C-BB09-B4EA474D2154}.Debug|Any CPU.Build.0 = Debug|Any CPU
		{BD197DCD-7426-4A8C-BB09-B4EA474D2154}.Release|Any CPU.ActiveCfg = Release|Any CPU
		{BD197DCD-7426-4A8C-BB09-B4EA474D2154}.Release|Any CPU.Build.0 = Release|Any CPU
	EndGlobalSection
	GlobalSection(SolutionProperties) = preSolution
		HideSolutionNode = FALSE
	EndGlobalSection
	GlobalSection(ExtensibilityGlobals) = postSolution
		SolutionGuid = {33F5D601-2354-4094-9D69-145A388EFFDB}
	EndGlobalSection
EndGlobal
